
Microsoft Visual Studio Solution File, Format Version 12.00
# Visual Studio 14
VisualStudioVersion = 14.0.25420.1
MinimumVisualStudioVersion = 10.0.40219.1
Project("{8BB2217D-0F2D-49D1-97BC-3654ED321F3B}") = "Area", "Area\Area.xproj", "{B326BCD4-33CE-4F80-B9A9-3C2FFFAA999B}"
EndProject
Project("{8BB2217D-0F2D-49D1-97BC-3654ED321F3B}") = "DayPrinter", "DayPrinter\DayPrinter.xproj", "{B3E76AAA-3BE8-49C7-A831-64EF68C6F28D}"
EndProject
Project("{8BB2217D-0F2D-49D1-97BC-3654ED321F3B}") = "ElseIf", "ElseIf\ElseIf.xproj", "{C7008ACC-EE4B-49CC-B7FB-5F9F95E257A9}"
EndProject
Project("{8BB2217D-0F2D-49D1-97BC-3654ED321F3B}") = "TempConv", "TempConv\TempConv.xproj", "{6D18F93D-E26F-4FF4-ABF2-1450FD9FB19D}"
EndProject
Project("{8BB2217D-0F2D-49D1-97BC-3654ED321F3B}") = "HelloWorld", "HelloWorld\HelloWorld.xproj", "{D4E93AA7-2F10-4564-AA2A-1DC71367C8B5}"
EndProject
Project("{8BB2217D-0F2D-49D1-97BC-3654ED321F3B}") = "CountingCharacters", "CountingCharacters\CountingCharacters.xproj", "{CD5CD03F-221B-4BA2-9DEE-8DB6BE83803F}"
EndProject
Project("{8BB2217D-0F2D-49D1-97BC-3654ED321F3B}") = "Sandbox", "Sandbox\Sandbox.xproj", "{B30072D4-D11D-45B9-8F8C-4AC29E0E1C98}"
EndProject
Project("{8BB2217D-0F2D-49D1-97BC-3654ED321F3B}") = "HelloMethods", "HelloMethods\HelloMethods.xproj", "{9B69E0D2-FBD5-4FB4-9D40-768AE4F57300}"
EndProject
Project("{8BB2217D-0F2D-49D1-97BC-3654ED321F3B}") = "Gradebook", "Gradebook\Gradebook.xproj", "{9E08496B-2501-4CBF-844F-8FD7BA97F4E6}"
EndProject
Project("{8BB2217D-0F2D-49D1-97BC-3654ED321F3B}") = "GradebookDict", "GradebookDict\GradebookDict.xproj", "{EFCB1B91-2E92-478F-BFF7-013FF6911DCC}"
EndProject
Project("{8BB2217D-0F2D-49D1-97BC-3654ED321F3B}") = "GradebookArray", "GradebookArray\GradebookArray.xproj", "{89051A0E-8D18-48C3-B4E6-D05F62D252CE}"
EndProject
Project("{FAE04EC0-301F-11D3-BF4B-00C04F79EFBC}") = "HelloWorldName", "HelloWorldName\HelloWorldName.csproj", "{6D186619-68E1-43C4-B876-975B266A356A}"
EndProject
Project("{FAE04EC0-301F-11D3-BF4B-00C04F79EFBC}") = "RectangleArea", "RectangleArea\RectangleArea.csproj", "{DE499EEF-4600-4507-BFFF-5DEBE6D50DA7}"
EndProject
Project("{FAE04EC0-301F-11D3-BF4B-00C04F79EFBC}") = "MilesPerGallon", "MilesPerGallon\MilesPerGallon.csproj", "{DA3948E3-A391-493F-A8E8-2F64CA9B2A72}"
EndProject
Project("{FAE04EC0-301F-11D3-BF4B-00C04F79EFBC}") = "AliceTextSearch", "ConsoleApplication1\AliceTextSearch.csproj", "{B8070812-1C4C-4F16-93FB-391549CAC9B7}"
EndProject
Project("{FAE04EC0-301F-11D3-BF4B-00C04F79EFBC}") = "AliceRegex", "AliceTest\AliceRegex.csproj", "{F5D60186-EDBF-41B2-ACA6-F304CC2A19DC}"
EndProject
Project("{FAE04EC0-301F-11D3-BF4B-00C04F79EFBC}") = "AliceStringList", "AliceStringList\AliceStringList.csproj", "{127EF24E-EB07-472A-8E5D-A193A3C07C33}"
EndProject
Project("{FAE04EC0-301F-11D3-BF4B-00C04F79EFBC}") = "PrepDay2DataStructures", "PrepDay2DataStructures\PrepDay2DataStructures.csproj", "{2F4B84B3-69B2-4B26-944A-E925C763018A}"
EndProject
Project("{FAE04EC0-301F-11D3-BF4B-00C04F79EFBC}") = "AliceStringListWithContainsMethod", "AliceStringListWithContainsMethod\AliceStringListWithContainsMethod.csproj", "{A7DD3CFB-B92D-492D-9991-3478E2F4AA50}"
EndProject
Project("{FAE04EC0-301F-11D3-BF4B-00C04F79EFBC}") = "PrepDay2WorkingWithStrings", "PrepDay2WorkingWithStrings\PrepDay2WorkingWithStrings.csproj", "{95E45A3B-3046-438E-950A-09E22FF15958}"
EndProject
Project("{FAE04EC0-301F-11D3-BF4B-00C04F79EFBC}") = "Day2ExLists", "Day2ExLists\Day2ExLists.csproj", "{15B62072-9A81-43ED-91D8-A351D11BC86F}"
EndProject
Project("{FAE04EC0-301F-11D3-BF4B-00C04F79EFBC}") = "Day2Ex5Letters", "Day2Ex5Letters\Day2Ex5Letters.csproj", "{2E0FB4D4-18EA-4388-B24F-D6A035A57D0D}"
EndProject
Project("{FAE04EC0-301F-11D3-BF4B-00C04F79EFBC}") = "Day2ExArray", "Day2ExArray\Day2ExArray.csproj", "{4BD67093-1735-4CE0-8BE4-77A23F15A7F8}"
EndProject
Project("{FAE04EC0-301F-11D3-BF4B-00C04F79EFBC}") = "Day2ExDict", "Day2ExDict\Day2ExDict.csproj", "{0F01F35A-4753-482F-AEE4-131E3883C9B8}"
EndProject
Project("{FAE04EC0-301F-11D3-BF4B-00C04F79EFBC}") = "StringBuilderGradebook", "StringBuilderGradebook\StringBuilderGradebook.csproj", "{BCC24BDF-38F7-4E78-AD23-8D05BB4C6146}"
EndProject
Project("{8BB2217D-0F2D-49D1-97BC-3654ED321F3B}") = "ConsoleApp1", "ConsoleApp1\ConsoleApp1.xproj", "{7DBA0577-C32F-49DF-AA99-5C9D0D457FA8}"
EndProject
Project("{8BB2217D-0F2D-49D1-97BC-3654ED321F3B}") = "AreaOfCircle", "AreaOfCircle\AreaOfCircle.xproj", "{16B0599D-C34E-42FE-945D-E8A09D3B317B}"
EndProject
Global
	GlobalSection(SolutionConfigurationPlatforms) = preSolution
		Debug|Any CPU = Debug|Any CPU
		Release|Any CPU = Release|Any CPU
	EndGlobalSection
	GlobalSection(ProjectConfigurationPlatforms) = postSolution
		{B326BCD4-33CE-4F80-B9A9-3C2FFFAA999B}.Debug|Any CPU.ActiveCfg = Debug|Any CPU
		{B326BCD4-33CE-4F80-B9A9-3C2FFFAA999B}.Debug|Any CPU.Build.0 = Debug|Any CPU
		{B326BCD4-33CE-4F80-B9A9-3C2FFFAA999B}.Release|Any CPU.ActiveCfg = Release|Any CPU
		{B326BCD4-33CE-4F80-B9A9-3C2FFFAA999B}.Release|Any CPU.Build.0 = Release|Any CPU
		{B3E76AAA-3BE8-49C7-A831-64EF68C6F28D}.Debug|Any CPU.ActiveCfg = Debug|Any CPU
		{B3E76AAA-3BE8-49C7-A831-64EF68C6F28D}.Debug|Any CPU.Build.0 = Debug|Any CPU
		{B3E76AAA-3BE8-49C7-A831-64EF68C6F28D}.Release|Any CPU.ActiveCfg = Release|Any CPU
		{B3E76AAA-3BE8-49C7-A831-64EF68C6F28D}.Release|Any CPU.Build.0 = Release|Any CPU
		{C7008ACC-EE4B-49CC-B7FB-5F9F95E257A9}.Debug|Any CPU.ActiveCfg = Debug|Any CPU
		{C7008ACC-EE4B-49CC-B7FB-5F9F95E257A9}.Debug|Any CPU.Build.0 = Debug|Any CPU
		{C7008ACC-EE4B-49CC-B7FB-5F9F95E257A9}.Release|Any CPU.ActiveCfg = Release|Any CPU
		{C7008ACC-EE4B-49CC-B7FB-5F9F95E257A9}.Release|Any CPU.Build.0 = Release|Any CPU
		{6D18F93D-E26F-4FF4-ABF2-1450FD9FB19D}.Debug|Any CPU.ActiveCfg = Debug|Any CPU
		{6D18F93D-E26F-4FF4-ABF2-1450FD9FB19D}.Debug|Any CPU.Build.0 = Debug|Any CPU
		{6D18F93D-E26F-4FF4-ABF2-1450FD9FB19D}.Release|Any CPU.ActiveCfg = Release|Any CPU
		{6D18F93D-E26F-4FF4-ABF2-1450FD9FB19D}.Release|Any CPU.Build.0 = Release|Any CPU
		{D4E93AA7-2F10-4564-AA2A-1DC71367C8B5}.Debug|Any CPU.ActiveCfg = Debug|Any CPU
		{D4E93AA7-2F10-4564-AA2A-1DC71367C8B5}.Debug|Any CPU.Build.0 = Debug|Any CPU
		{D4E93AA7-2F10-4564-AA2A-1DC71367C8B5}.Release|Any CPU.ActiveCfg = Release|Any CPU
		{D4E93AA7-2F10-4564-AA2A-1DC71367C8B5}.Release|Any CPU.Build.0 = Release|Any CPU
		{CD5CD03F-221B-4BA2-9DEE-8DB6BE83803F}.Debug|Any CPU.ActiveCfg = Debug|Any CPU
		{CD5CD03F-221B-4BA2-9DEE-8DB6BE83803F}.Debug|Any CPU.Build.0 = Debug|Any CPU
		{CD5CD03F-221B-4BA2-9DEE-8DB6BE83803F}.Release|Any CPU.ActiveCfg = Release|Any CPU
		{CD5CD03F-221B-4BA2-9DEE-8DB6BE83803F}.Release|Any CPU.Build.0 = Release|Any CPU
		{B30072D4-D11D-45B9-8F8C-4AC29E0E1C98}.Debug|Any CPU.ActiveCfg = Debug|Any CPU
		{B30072D4-D11D-45B9-8F8C-4AC29E0E1C98}.Debug|Any CPU.Build.0 = Debug|Any CPU
		{B30072D4-D11D-45B9-8F8C-4AC29E0E1C98}.Release|Any CPU.ActiveCfg = Release|Any CPU
		{B30072D4-D11D-45B9-8F8C-4AC29E0E1C98}.Release|Any CPU.Build.0 = Release|Any CPU
		{9B69E0D2-FBD5-4FB4-9D40-768AE4F57300}.Debug|Any CPU.ActiveCfg = Debug|Any CPU
		{9B69E0D2-FBD5-4FB4-9D40-768AE4F57300}.Debug|Any CPU.Build.0 = Debug|Any CPU
		{9B69E0D2-FBD5-4FB4-9D40-768AE4F57300}.Release|Any CPU.ActiveCfg = Release|Any CPU
		{9B69E0D2-FBD5-4FB4-9D40-768AE4F57300}.Release|Any CPU.Build.0 = Release|Any CPU
		{9E08496B-2501-4CBF-844F-8FD7BA97F4E6}.Debug|Any CPU.ActiveCfg = Debug|Any CPU
		{9E08496B-2501-4CBF-844F-8FD7BA97F4E6}.Debug|Any CPU.Build.0 = Debug|Any CPU
		{9E08496B-2501-4CBF-844F-8FD7BA97F4E6}.Release|Any CPU.ActiveCfg = Release|Any CPU
		{9E08496B-2501-4CBF-844F-8FD7BA97F4E6}.Release|Any CPU.Build.0 = Release|Any CPU
		{EFCB1B91-2E92-478F-BFF7-013FF6911DCC}.Debug|Any CPU.ActiveCfg = Debug|Any CPU
		{EFCB1B91-2E92-478F-BFF7-013FF6911DCC}.Debug|Any CPU.Build.0 = Debug|Any CPU
		{EFCB1B91-2E92-478F-BFF7-013FF6911DCC}.Release|Any CPU.ActiveCfg = Release|Any CPU
		{EFCB1B91-2E92-478F-BFF7-013FF6911DCC}.Release|Any CPU.Build.0 = Release|Any CPU
		{89051A0E-8D18-48C3-B4E6-D05F62D252CE}.Debug|Any CPU.ActiveCfg = Debug|Any CPU
		{89051A0E-8D18-48C3-B4E6-D05F62D252CE}.Debug|Any CPU.Build.0 = Debug|Any CPU
		{89051A0E-8D18-48C3-B4E6-D05F62D252CE}.Release|Any CPU.ActiveCfg = Release|Any CPU
		{89051A0E-8D18-48C3-B4E6-D05F62D252CE}.Release|Any CPU.Build.0 = Release|Any CPU
		{6D186619-68E1-43C4-B876-975B266A356A}.Debug|Any CPU.ActiveCfg = Debug|Any CPU
		{6D186619-68E1-43C4-B876-975B266A356A}.Debug|Any CPU.Build.0 = Debug|Any CPU
		{6D186619-68E1-43C4-B876-975B266A356A}.Release|Any CPU.ActiveCfg = Release|Any CPU
		{6D186619-68E1-43C4-B876-975B266A356A}.Release|Any CPU.Build.0 = Release|Any CPU
		{DE499EEF-4600-4507-BFFF-5DEBE6D50DA7}.Debug|Any CPU.ActiveCfg = Debug|Any CPU
		{DE499EEF-4600-4507-BFFF-5DEBE6D50DA7}.Debug|Any CPU.Build.0 = Debug|Any CPU
		{DE499EEF-4600-4507-BFFF-5DEBE6D50DA7}.Release|Any CPU.ActiveCfg = Release|Any CPU
		{DE499EEF-4600-4507-BFFF-5DEBE6D50DA7}.Release|Any CPU.Build.0 = Release|Any CPU
		{DA3948E3-A391-493F-A8E8-2F64CA9B2A72}.Debug|Any CPU.ActiveCfg = Debug|Any CPU
		{DA3948E3-A391-493F-A8E8-2F64CA9B2A72}.Debug|Any CPU.Build.0 = Debug|Any CPU
		{DA3948E3-A391-493F-A8E8-2F64CA9B2A72}.Release|Any CPU.ActiveCfg = Release|Any CPU
		{DA3948E3-A391-493F-A8E8-2F64CA9B2A72}.Release|Any CPU.Build.0 = Release|Any CPU
		{B8070812-1C4C-4F16-93FB-391549CAC9B7}.Debug|Any CPU.ActiveCfg = Debug|Any CPU
		{B8070812-1C4C-4F16-93FB-391549CAC9B7}.Debug|Any CPU.Build.0 = Debug|Any CPU
		{B8070812-1C4C-4F16-93FB-391549CAC9B7}.Release|Any CPU.ActiveCfg = Release|Any CPU
		{B8070812-1C4C-4F16-93FB-391549CAC9B7}.Release|Any CPU.Build.0 = Release|Any CPU
		{F5D60186-EDBF-41B2-ACA6-F304CC2A19DC}.Debug|Any CPU.ActiveCfg = Debug|Any CPU
		{F5D60186-EDBF-41B2-ACA6-F304CC2A19DC}.Debug|Any CPU.Build.0 = Debug|Any CPU
		{F5D60186-EDBF-41B2-ACA6-F304CC2A19DC}.Release|Any CPU.ActiveCfg = Release|Any CPU
		{F5D60186-EDBF-41B2-ACA6-F304CC2A19DC}.Release|Any CPU.Build.0 = Release|Any CPU
		{127EF24E-EB07-472A-8E5D-A193A3C07C33}.Debug|Any CPU.ActiveCfg = Debug|Any CPU
		{127EF24E-EB07-472A-8E5D-A193A3C07C33}.Debug|Any CPU.Build.0 = Debug|Any CPU
		{127EF24E-EB07-472A-8E5D-A193A3C07C33}.Release|Any CPU.ActiveCfg = Release|Any CPU
		{127EF24E-EB07-472A-8E5D-A193A3C07C33}.Release|Any CPU.Build.0 = Release|Any CPU
		{2F4B84B3-69B2-4B26-944A-E925C763018A}.Debug|Any CPU.ActiveCfg = Debug|Any CPU
		{2F4B84B3-69B2-4B26-944A-E925C763018A}.Debug|Any CPU.Build.0 = Debug|Any CPU
		{2F4B84B3-69B2-4B26-944A-E925C763018A}.Release|Any CPU.ActiveCfg = Release|Any CPU
		{2F4B84B3-69B2-4B26-944A-E925C763018A}.Release|Any CPU.Build.0 = Release|Any CPU
		{A7DD3CFB-B92D-492D-9991-3478E2F4AA50}.Debug|Any CPU.ActiveCfg = Debug|Any CPU
		{A7DD3CFB-B92D-492D-9991-3478E2F4AA50}.Debug|Any CPU.Build.0 = Debug|Any CPU
		{A7DD3CFB-B92D-492D-9991-3478E2F4AA50}.Release|Any CPU.ActiveCfg = Release|Any CPU
		{A7DD3CFB-B92D-492D-9991-3478E2F4AA50}.Release|Any CPU.Build.0 = Release|Any CPU
		{95E45A3B-3046-438E-950A-09E22FF15958}.Debug|Any CPU.ActiveCfg = Debug|Any CPU
		{95E45A3B-3046-438E-950A-09E22FF15958}.Debug|Any CPU.Build.0 = Debug|Any CPU
		{95E45A3B-3046-438E-950A-09E22FF15958}.Release|Any CPU.ActiveCfg = Release|Any CPU
		{95E45A3B-3046-438E-950A-09E22FF15958}.Release|Any CPU.Build.0 = Release|Any CPU
		{15B62072-9A81-43ED-91D8-A351D11BC86F}.Debug|Any CPU.ActiveCfg = Debug|Any CPU
		{15B62072-9A81-43ED-91D8-A351D11BC86F}.Debug|Any CPU.Build.0 = Debug|Any CPU
		{15B62072-9A81-43ED-91D8-A351D11BC86F}.Release|Any CPU.ActiveCfg = Release|Any CPU
		{15B62072-9A81-43ED-91D8-A351D11BC86F}.Release|Any CPU.Build.0 = Release|Any CPU
		{2E0FB4D4-18EA-4388-B24F-D6A035A57D0D}.Debug|Any CPU.ActiveCfg = Debug|Any CPU
		{2E0FB4D4-18EA-4388-B24F-D6A035A57D0D}.Debug|Any CPU.Build.0 = Debug|Any CPU
		{2E0FB4D4-18EA-4388-B24F-D6A035A57D0D}.Release|Any CPU.ActiveCfg = Release|Any CPU
		{2E0FB4D4-18EA-4388-B24F-D6A035A57D0D}.Release|Any CPU.Build.0 = Release|Any CPU
		{4BD67093-1735-4CE0-8BE4-77A23F15A7F8}.Debug|Any CPU.ActiveCfg = Debug|Any CPU
		{4BD67093-1735-4CE0-8BE4-77A23F15A7F8}.Debug|Any CPU.Build.0 = Debug|Any CPU
		{4BD67093-1735-4CE0-8BE4-77A23F15A7F8}.Release|Any CPU.ActiveCfg = Release|Any CPU
		{4BD67093-1735-4CE0-8BE4-77A23F15A7F8}.Release|Any CPU.Build.0 = Release|Any CPU
		{0F01F35A-4753-482F-AEE4-131E3883C9B8}.Debug|Any CPU.ActiveCfg = Debug|Any CPU
		{0F01F35A-4753-482F-AEE4-131E3883C9B8}.Debug|Any CPU.Build.0 = Debug|Any CPU
		{0F01F35A-4753-482F-AEE4-131E3883C9B8}.Release|Any CPU.ActiveCfg = Release|Any CPU
		{0F01F35A-4753-482F-AEE4-131E3883C9B8}.Release|Any CPU.Build.0 = Release|Any CPU
		{BCC24BDF-38F7-4E78-AD23-8D05BB4C6146}.Debug|Any CPU.ActiveCfg = Debug|Any CPU
		{BCC24BDF-38F7-4E78-AD23-8D05BB4C6146}.Debug|Any CPU.Build.0 = Debug|Any CPU
		{BCC24BDF-38F7-4E78-AD23-8D05BB4C6146}.Release|Any CPU.ActiveCfg = Release|Any CPU
		{BCC24BDF-38F7-4E78-AD23-8D05BB4C6146}.Release|Any CPU.Build.0 = Release|Any CPU
		{7DBA0577-C32F-49DF-AA99-5C9D0D457FA8}.Debug|Any CPU.ActiveCfg = Debug|Any CPU
		{7DBA0577-C32F-49DF-AA99-5C9D0D457FA8}.Debug|Any CPU.Build.0 = Debug|Any CPU
		{7DBA0577-C32F-49DF-AA99-5C9D0D457FA8}.Release|Any CPU.ActiveCfg = Release|Any CPU
		{7DBA0577-C32F-49DF-AA99-5C9D0D457FA8}.Release|Any CPU.Build.0 = Release|Any CPU
		{16B0599D-C34E-42FE-945D-E8A09D3B317B}.Debug|Any CPU.ActiveCfg = Debug|Any CPU
		{16B0599D-C34E-42FE-945D-E8A09D3B317B}.Debug|Any CPU.Build.0 = Debug|Any CPU
		{16B0599D-C34E-42FE-945D-E8A09D3B317B}.Release|Any CPU.ActiveCfg = Release|Any CPU
		{16B0599D-C34E-42FE-945D-E8A09D3B317B}.Release|Any CPU.Build.0 = Release|Any CPU
	EndGlobalSection
	GlobalSection(SolutionProperties) = preSolution
		HideSolutionNode = FALSE
	EndGlobalSection
EndGlobal
